
Microsoft Visual Studio Solution File, Format Version 12.00
# Visual Studio 14
VisualStudioVersion = 14.0.25420.1
MinimumVisualStudioVersion = 10.0.40219.1
Project("{FAE04EC0-301F-11D3-BF4B-00C04F79EFBC}") = "PlunderConsole", "PlunderConsole\PlunderConsole.csproj", "{B331FB0F-C127-488B-9C50-33769AA3B1FE}"
EndProject
Project("{FAE04EC0-301F-11D3-BF4B-00C04F79EFBC}") = "Plunder", "Plunder\Plunder.csproj", "{00D14A01-8E50-4F73-AE88-6A1180777F88}"
EndProject
Project("{FAE04EC0-301F-11D3-BF4B-00C04F79EFBC}") = "Plunder.Test", "Plunder.Test\Plunder.Test.csproj", "{862A23F1-6822-461C-A60B-2F3B8DCBE253}"
EndProject
Project("{FAE04EC0-301F-11D3-BF4B-00C04F79EFBC}") = "Plunder.Plugin", "Plunder.Plugin\Plunder.Plugin.csproj", "{74951C1E-DC33-45C6-A8EB-536FF0D0F596}"
EndProject
Project("{FAE04EC0-301F-11D3-BF4B-00C04F79EFBC}") = "PlunderTestConsole", "PlunderTestConsole\PlunderTestConsole.csproj", "{9ED59D00-99A3-4C64-AA0D-01286406D7C5}"
EndProject
Project("{FAE04EC0-301F-11D3-BF4B-00C04F79EFBC}") = "Plunder.Plugin.Storage", "Plunder.Plugin.Storage\Plunder.Plugin.Storage.csproj", "{F8FA39CC-C409-4DEA-94DA-5DD211ACE284}"
EndProject
Project("{FAE04EC0-301F-11D3-BF4B-00C04F79EFBC}") = "Plunder.WebHost", "OwinWebHost\Plunder.WebHost.csproj", "{51C5442C-2A70-453D-80B9-430C468AF076}"
EndProject
Project("{FAE04EC0-301F-11D3-BF4B-00C04F79EFBC}") = "Plunder.Storage", "Plunder.Storage\Plunder.Storage.csproj", "{210F0D36-D8F7-4A22-A4BC-E891E96927F4}"
EndProject
Project("{2150E333-8FDC-42A3-9474-1A3956D46DE8}") = "Infrastructure", "Infrastructure", "{F9C3819E-D428-49D0-8498-58CB3592A70B}"
EndProject
Project("{FAE04EC0-301F-11D3-BF4B-00C04F79EFBC}") = "Evol.MongoDB", "Infrastructure\Evol.MongoDB\Evol.MongoDB.csproj", "{75BF084C-99F0-4F1C-911E-B20980A703B2}"
EndProject
Global
	GlobalSection(SolutionConfigurationPlatforms) = preSolution
		Debug|Any CPU = Debug|Any CPU
		Release|Any CPU = Release|Any CPU
	EndGlobalSection
	GlobalSection(ProjectConfigurationPlatforms) = postSolution
		{B331FB0F-C127-488B-9C50-33769AA3B1FE}.Debug|Any CPU.ActiveCfg = Debug|Any CPU
		{B331FB0F-C127-488B-9C50-33769AA3B1FE}.Debug|Any CPU.Build.0 = Debug|Any CPU
		{B331FB0F-C127-488B-9C50-33769AA3B1FE}.Release|Any CPU.ActiveCfg = Release|Any CPU
		{B331FB0F-C127-488B-9C50-33769AA3B1FE}.Release|Any CPU.Build.0 = Release|Any CPU
		{00D14A01-8E50-4F73-AE88-6A1180777F88}.Debug|Any CPU.ActiveCfg = Debug|Any CPU
		{00D14A01-8E50-4F73-AE88-6A1180777F88}.Debug|Any CPU.Build.0 = Debug|Any CPU
		{00D14A01-8E50-4F73-AE88-6A1180777F88}.Release|Any CPU.ActiveCfg = Release|Any CPU
		{00D14A01-8E50-4F73-AE88-6A1180777F88}.Release|Any CPU.Build.0 = Release|Any CPU
		{862A23F1-6822-461C-A60B-2F3B8DCBE253}.Debug|Any CPU.ActiveCfg = Debug|Any CPU
		{862A23F1-6822-461C-A60B-2F3B8DCBE253}.Debug|Any CPU.Build.0 = Debug|Any CPU
		{862A23F1-6822-461C-A60B-2F3B8DCBE253}.Release|Any CPU.ActiveCfg = Release|Any CPU
		{862A23F1-6822-461C-A60B-2F3B8DCBE253}.Release|Any CPU.Build.0 = Release|Any CPU
		{74951C1E-DC33-45C6-A8EB-536FF0D0F596}.Debug|Any CPU.ActiveCfg = Debug|Any CPU
		{74951C1E-DC33-45C6-A8EB-536FF0D0F596}.Debug|Any CPU.Build.0 = Debug|Any CPU
		{74951C1E-DC33-45C6-A8EB-536FF0D0F596}.Release|Any CPU.ActiveCfg = Release|Any CPU
		{74951C1E-DC33-45C6-A8EB-536FF0D0F596}.Release|Any CPU.Build.0 = Release|Any CPU
		{9ED59D00-99A3-4C64-AA0D-01286406D7C5}.Debug|Any CPU.ActiveCfg = Debug|Any CPU
		{9ED59D00-99A3-4C64-AA0D-01286406D7C5}.Debug|Any CPU.Build.0 = Debug|Any CPU
		{9ED59D00-99A3-4C64-AA0D-01286406D7C5}.Release|Any CPU.ActiveCfg = Release|Any CPU
		{9ED59D00-99A3-4C64-AA0D-01286406D7C5}.Release|Any CPU.Build.0 = Release|Any CPU
		{F8FA39CC-C409-4DEA-94DA-5DD211ACE284}.Debug|Any CPU.ActiveCfg = Debug|Any CPU
		{F8FA39CC-C409-4DEA-94DA-5DD211ACE284}.Debug|Any CPU.Build.0 = Debug|Any CPU
		{F8FA39CC-C409-4DEA-94DA-5DD211ACE284}.Release|Any CPU.ActiveCfg = Release|Any CPU
		{F8FA39CC-C409-4DEA-94DA-5DD211ACE284}.Release|Any CPU.Build.0 = Release|Any CPU
		{51C5442C-2A70-453D-80B9-430C468AF076}.Debug|Any CPU.ActiveCfg = Debug|Any CPU
		{51C5442C-2A70-453D-80B9-430C468AF076}.Debug|Any CPU.Build.0 = Debug|Any CPU
		{51C5442C-2A70-453D-80B9-430C468AF076}.Release|Any CPU.ActiveCfg = Release|Any CPU
		{51C5442C-2A70-453D-80B9-430C468AF076}.Release|Any CPU.Build.0 = Release|Any CPU
		{210F0D36-D8F7-4A22-A4BC-E891E96927F4}.Debug|Any CPU.ActiveCfg = Debug|Any CPU
		{210F0D36-D8F7-4A22-A4BC-E891E96927F4}.Debug|Any CPU.Build.0 = Debug|Any CPU
		{210F0D36-D8F7-4A22-A4BC-E891E96927F4}.Release|Any CPU.ActiveCfg = Release|Any CPU
		{210F0D36-D8F7-4A22-A4BC-E891E96927F4}.Release|Any CPU.Build.0 = Release|Any CPU
		{75BF084C-99F0-4F1C-911E-B20980A703B2}.Debug|Any CPU.ActiveCfg = Debug|Any CPU
		{75BF084C-99F0-4F1C-911E-B20980A703B2}.Debug|Any CPU.Build.0 = Debug|Any CPU
		{75BF084C-99F0-4F1C-911E-B20980A703B2}.Release|Any CPU.ActiveCfg = Release|Any CPU
		{75BF084C-99F0-4F1C-911E-B20980A703B2}.Release|Any CPU.Build.0 = Release|Any CPU
	EndGlobalSection
	GlobalSection(SolutionProperties) = preSolution
		HideSolutionNode = FALSE
	EndGlobalSection
	GlobalSection(NestedProjects) = preSolution
		{75BF084C-99F0-4F1C-911E-B20980A703B2} = {F9C3819E-D428-49D0-8498-58CB3592A70B}
	EndGlobalSection
EndGlobal
