
Microsoft Visual Studio Solution File, Format Version 12.00
# Visual Studio 15
VisualStudioVersion = 15.0.26711.1
MinimumVisualStudioVersion = 10.0.40219.1
Project("{2150E333-8FDC-42A3-9474-1A3956D46DE8}") = "Infrastructure", "Infrastructure", "{F9C3819E-D428-49D0-8498-58CB3592A70B}"
EndProject
Project("{2150E333-8FDC-42A3-9474-1A3956D46DE8}") = "test", "test", "{094DA403-34E3-478B-9423-8A20E81D2F30}"
EndProject
Project("{2150E333-8FDC-42A3-9474-1A3956D46DE8}") = "Library", "Library", "{407C0637-F164-4F5B-8FC8-A7F224E440A3}"
	ProjectSection(SolutionItems) = preProject
		Library\Evol.Common.dll = Library\Evol.Common.dll
		Library\Evol.Utilities.dll = Library\Evol.Utilities.dll
	EndProjectSection
EndProject
Project("{2150E333-8FDC-42A3-9474-1A3956D46DE8}") = "Solution Items", "Solution Items", "{F45B5A7A-FBEA-439B-A2BC-D9FB6A18FC8C}"
	ProjectSection(SolutionItems) = preProject
		DuplicateAssert.txt = DuplicateAssert.txt
	EndProjectSection
EndProject
Project("{2150E333-8FDC-42A3-9474-1A3956D46DE8}") = "src", "src", "{B7D3A961-A753-43C7-856F-E844C585613F}"
EndProject
Project("{FAE04EC0-301F-11D3-BF4B-00C04F79EFBC}") = "Plunder.Test", "test\Plunder.Test\Plunder.Test.csproj", "{862A23F1-6822-461C-A60B-2F3B8DCBE253}"
EndProject
Project("{FAE04EC0-301F-11D3-BF4B-00C04F79EFBC}") = "PlunderTestConsole", "test\PlunderTestConsole\PlunderTestConsole.csproj", "{9ED59D00-99A3-4C64-AA0D-01286406D7C5}"
EndProject
Project("{FAE04EC0-301F-11D3-BF4B-00C04F79EFBC}") = "Plunder", "src\Plunder\Plunder.csproj", "{00D14A01-8E50-4F73-AE88-6A1180777F88}"
EndProject
Project("{FAE04EC0-301F-11D3-BF4B-00C04F79EFBC}") = "Plunder.Plugin", "src\Plunder.Plugin\Plunder.Plugin.csproj", "{74951C1E-DC33-45C6-A8EB-536FF0D0F596}"
EndProject
Project("{FAE04EC0-301F-11D3-BF4B-00C04F79EFBC}") = "Plunder.Storage.MongoDB", "src\Plunder.Storage.MongoDB\Plunder.Storage.MongoDB.csproj", "{210F0D36-D8F7-4A22-A4BC-E891E96927F4}"
EndProject
Project("{FAE04EC0-301F-11D3-BF4B-00C04F79EFBC}") = "Plunder.Storage.SQLite", "src\Plunder.Storage.SQLite\Plunder.Storage.SQLite.csproj", "{764AE68E-990B-402F-96DE-401188F4D561}"
EndProject
Project("{FAE04EC0-301F-11D3-BF4B-00C04F79EFBC}") = "PlunderConsole", "src\PlunderConsole\PlunderConsole.csproj", "{B331FB0F-C127-488B-9C50-33769AA3B1FE}"
EndProject
Project("{FAE04EC0-301F-11D3-BF4B-00C04F79EFBC}") = "Evol.MongoDB", "src\Infrastructure\Evol.MongoDB\Evol.MongoDB.csproj", "{C8B100E1-5A17-40B9-8621-B5DA6C0F1FEC}"
EndProject
Project("{FAE04EC0-301F-11D3-BF4B-00C04F79EFBC}") = "Evol.Common", "src\Infrastructure\Evol.Common\Evol.Common.csproj", "{14ED23EB-FE69-4C9B-A0D0-470CB1CCF04C}"
EndProject
Global
	GlobalSection(SolutionConfigurationPlatforms) = preSolution
		Debug|Any CPU = Debug|Any CPU
		Release|Any CPU = Release|Any CPU
	EndGlobalSection
	GlobalSection(ProjectConfigurationPlatforms) = postSolution
		{862A23F1-6822-461C-A60B-2F3B8DCBE253}.Debug|Any CPU.ActiveCfg = Debug|Any CPU
		{862A23F1-6822-461C-A60B-2F3B8DCBE253}.Debug|Any CPU.Build.0 = Debug|Any CPU
		{862A23F1-6822-461C-A60B-2F3B8DCBE253}.Release|Any CPU.ActiveCfg = Release|Any CPU
		{862A23F1-6822-461C-A60B-2F3B8DCBE253}.Release|Any CPU.Build.0 = Release|Any CPU
		{9ED59D00-99A3-4C64-AA0D-01286406D7C5}.Debug|Any CPU.ActiveCfg = Debug|Any CPU
		{9ED59D00-99A3-4C64-AA0D-01286406D7C5}.Debug|Any CPU.Build.0 = Debug|Any CPU
		{9ED59D00-99A3-4C64-AA0D-01286406D7C5}.Release|Any CPU.ActiveCfg = Release|Any CPU
		{9ED59D00-99A3-4C64-AA0D-01286406D7C5}.Release|Any CPU.Build.0 = Release|Any CPU
		{00D14A01-8E50-4F73-AE88-6A1180777F88}.Debug|Any CPU.ActiveCfg = Debug|Any CPU
		{00D14A01-8E50-4F73-AE88-6A1180777F88}.Debug|Any CPU.Build.0 = Debug|Any CPU
		{00D14A01-8E50-4F73-AE88-6A1180777F88}.Release|Any CPU.ActiveCfg = Release|Any CPU
		{00D14A01-8E50-4F73-AE88-6A1180777F88}.Release|Any CPU.Build.0 = Release|Any CPU
		{74951C1E-DC33-45C6-A8EB-536FF0D0F596}.Debug|Any CPU.ActiveCfg = Debug|Any CPU
		{74951C1E-DC33-45C6-A8EB-536FF0D0F596}.Debug|Any CPU.Build.0 = Debug|Any CPU
		{74951C1E-DC33-45C6-A8EB-536FF0D0F596}.Release|Any CPU.ActiveCfg = Release|Any CPU
		{74951C1E-DC33-45C6-A8EB-536FF0D0F596}.Release|Any CPU.Build.0 = Release|Any CPU
		{210F0D36-D8F7-4A22-A4BC-E891E96927F4}.Debug|Any CPU.ActiveCfg = Debug|Any CPU
		{210F0D36-D8F7-4A22-A4BC-E891E96927F4}.Debug|Any CPU.Build.0 = Debug|Any CPU
		{210F0D36-D8F7-4A22-A4BC-E891E96927F4}.Release|Any CPU.ActiveCfg = Release|Any CPU
		{210F0D36-D8F7-4A22-A4BC-E891E96927F4}.Release|Any CPU.Build.0 = Release|Any CPU
		{764AE68E-990B-402F-96DE-401188F4D561}.Debug|Any CPU.ActiveCfg = Debug|Any CPU
		{764AE68E-990B-402F-96DE-401188F4D561}.Debug|Any CPU.Build.0 = Debug|Any CPU
		{764AE68E-990B-402F-96DE-401188F4D561}.Release|Any CPU.ActiveCfg = Release|Any CPU
		{764AE68E-990B-402F-96DE-401188F4D561}.Release|Any CPU.Build.0 = Release|Any CPU
		{B331FB0F-C127-488B-9C50-33769AA3B1FE}.Debug|Any CPU.ActiveCfg = Debug|Any CPU
		{B331FB0F-C127-488B-9C50-33769AA3B1FE}.Debug|Any CPU.Build.0 = Debug|Any CPU
		{B331FB0F-C127-488B-9C50-33769AA3B1FE}.Release|Any CPU.ActiveCfg = Release|Any CPU
		{B331FB0F-C127-488B-9C50-33769AA3B1FE}.Release|Any CPU.Build.0 = Release|Any CPU
		{C8B100E1-5A17-40B9-8621-B5DA6C0F1FEC}.Debug|Any CPU.ActiveCfg = Debug|Any CPU
		{C8B100E1-5A17-40B9-8621-B5DA6C0F1FEC}.Debug|Any CPU.Build.0 = Debug|Any CPU
		{C8B100E1-5A17-40B9-8621-B5DA6C0F1FEC}.Release|Any CPU.ActiveCfg = Release|Any CPU
		{C8B100E1-5A17-40B9-8621-B5DA6C0F1FEC}.Release|Any CPU.Build.0 = Release|Any CPU
		{14ED23EB-FE69-4C9B-A0D0-470CB1CCF04C}.Debug|Any CPU.ActiveCfg = Debug|Any CPU
		{14ED23EB-FE69-4C9B-A0D0-470CB1CCF04C}.Debug|Any CPU.Build.0 = Debug|Any CPU
		{14ED23EB-FE69-4C9B-A0D0-470CB1CCF04C}.Release|Any CPU.ActiveCfg = Release|Any CPU
		{14ED23EB-FE69-4C9B-A0D0-470CB1CCF04C}.Release|Any CPU.Build.0 = Release|Any CPU
	EndGlobalSection
	GlobalSection(SolutionProperties) = preSolution
		HideSolutionNode = FALSE
	EndGlobalSection
	GlobalSection(NestedProjects) = preSolution
		{862A23F1-6822-461C-A60B-2F3B8DCBE253} = {094DA403-34E3-478B-9423-8A20E81D2F30}
		{9ED59D00-99A3-4C64-AA0D-01286406D7C5} = {094DA403-34E3-478B-9423-8A20E81D2F30}
		{00D14A01-8E50-4F73-AE88-6A1180777F88} = {B7D3A961-A753-43C7-856F-E844C585613F}
		{74951C1E-DC33-45C6-A8EB-536FF0D0F596} = {B7D3A961-A753-43C7-856F-E844C585613F}
		{210F0D36-D8F7-4A22-A4BC-E891E96927F4} = {B7D3A961-A753-43C7-856F-E844C585613F}
		{764AE68E-990B-402F-96DE-401188F4D561} = {B7D3A961-A753-43C7-856F-E844C585613F}
		{B331FB0F-C127-488B-9C50-33769AA3B1FE} = {B7D3A961-A753-43C7-856F-E844C585613F}
		{C8B100E1-5A17-40B9-8621-B5DA6C0F1FEC} = {F9C3819E-D428-49D0-8498-58CB3592A70B}
		{14ED23EB-FE69-4C9B-A0D0-470CB1CCF04C} = {F9C3819E-D428-49D0-8498-58CB3592A70B}
	EndGlobalSection
	GlobalSection(ExtensibilityGlobals) = postSolution
		SolutionGuid = {B08FE77A-6189-479A-A2CF-7C086236A09F}
	EndGlobalSection
EndGlobal
